
Microsoft Visual Studio Solution File, Format Version 12.00
# Visual Studio Version 17
VisualStudioVersion = 17.0.31825.309
MinimumVisualStudioVersion = 10.0.40219.1
Project("{FAE04EC0-301F-11D3-BF4B-00C04F79EFBC}") = "TestGoogle", "TestGoogle.csproj", "{4171869E-6902-46A3-9A67-512F641D34B4}"
EndProject
Global
	GlobalSection(SolutionConfigurationPlatforms) = preSolution
		Debug|Any CPU = Debug|Any CPU
		Release|Any CPU = Release|Any CPU
	EndGlobalSection
	GlobalSection(ProjectConfigurationPlatforms) = postSolution
		{4171869E-6902-46A3-9A67-512F641D34B4}.Debug|Any CPU.ActiveCfg = Debug|Any CPU
		{4171869E-6902-46A3-9A67-512F641D34B4}.Debug|Any CPU.Build.0 = Debug|Any CPU
		{4171869E-6902-46A3-9A67-512F641D34B4}.Release|Any CPU.ActiveCfg = Release|Any CPU
		{4171869E-6902-46A3-9A67-512F641D34B4}.Release|Any CPU.Build.0 = Release|Any CPU
	EndGlobalSection
	GlobalSection(SolutionProperties) = preSolution
		HideSolutionNode = FALSE
	EndGlobalSection
	GlobalSection(ExtensibilityGlobals) = postSolution
		SolutionGuid = {96E6C3C8-ADC3-4F9F-AF30-E7E76CB6C7CE}
	EndGlobalSection
EndGlobal
